// !$*UTF8*$!
{
	archiveVersion = 1;
	classes = {
	};
	objectVersion = 46;
	objects = {

/* Begin PBXBuildFile section */
		100C76DF3F1C4B0A8EEF1679 /* libPods.a in Frameworks */ = {isa = PBXBuildFile; fileRef = 028FD8A2E94F4B58903B31BA /* libPods.a */; };
		EA539FF617CB5EC8004EBAD4 /* UIKit.framework in Frameworks */ = {isa = PBXBuildFile; fileRef = EA539FF517CB5EC8004EBAD4 /* UIKit.framework */; };
		EA539FF817CB5EC8004EBAD4 /* Foundation.framework in Frameworks */ = {isa = PBXBuildFile; fileRef = EA539FF717CB5EC8004EBAD4 /* Foundation.framework */; };
		EA539FFA17CB5EC8004EBAD4 /* CoreGraphics.framework in Frameworks */ = {isa = PBXBuildFile; fileRef = EA539FF917CB5EC8004EBAD4 /* CoreGraphics.framework */; };
		EA53A00017CB5EC8004EBAD4 /* InfoPlist.strings in Resources */ = {isa = PBXBuildFile; fileRef = EA539FFE17CB5EC8004EBAD4 /* InfoPlist.strings */; };
		EA53A00217CB5EC8004EBAD4 /* main.m in Sources */ = {isa = PBXBuildFile; fileRef = EA53A00117CB5EC8004EBAD4 /* main.m */; };
		EA53A00617CB5EC8004EBAD4 /* TMDAppDelegate.m in Sources */ = {isa = PBXBuildFile; fileRef = EA53A00517CB5EC8004EBAD4 /* TMDAppDelegate.m */; };
		EA53A00817CB5EC8004EBAD4 /* Default.png in Resources */ = {isa = PBXBuildFile; fileRef = EA53A00717CB5EC8004EBAD4 /* Default.png */; };
		EA53A00A17CB5EC8004EBAD4 /* Default@2x.png in Resources */ = {isa = PBXBuildFile; fileRef = EA53A00917CB5EC8004EBAD4 /* Default@2x.png */; };
		EA53A00C17CB5EC8004EBAD4 /* Default-568h@2x.png in Resources */ = {isa = PBXBuildFile; fileRef = EA53A00B17CB5EC8004EBAD4 /* Default-568h@2x.png */; };
		EA53A00F17CB5EC8004EBAD4 /* TMDViewController.m in Sources */ = {isa = PBXBuildFile; fileRef = EA53A00E17CB5EC8004EBAD4 /* TMDViewController.m */; };
		EA53A01217CB5EC8004EBAD4 /* TMDViewController.xib in Resources */ = {isa = PBXBuildFile; fileRef = EA53A01017CB5EC8004EBAD4 /* TMDViewController.xib */; };
		EAB3C57717D476C700A55A65 /* TMDViewAnimation.m in Sources */ = {isa = PBXBuildFile; fileRef = EAB3C57617D476C700A55A65 /* TMDViewAnimation.m */; };
		EAB3C57B17D4840300A55A65 /* TMDStory.m in Sources */ = {isa = PBXBuildFile; fileRef = EAB3C57A17D4840300A55A65 /* TMDStory.m */; };
		EAB3C57E17D4854C00A55A65 /* TMDMovie.m in Sources */ = {isa = PBXBuildFile; fileRef = EAB3C57D17D4854C00A55A65 /* TMDMovie.m */; };
		EAB3C58117D485D300A55A65 /* TMDFrame.m in Sources */ = {isa = PBXBuildFile; fileRef = EAB3C58017D485D300A55A65 /* TMDFrame.m */; };
		EABC210117D43AD1005F93F1 /* TMDLayerAnimation.m in Sources */ = {isa = PBXBuildFile; fileRef = EABC210017D43AD1005F93F1 /* TMDLayerAnimation.m */; };
		EABC210317D43B7B005F93F1 /* QuartzCore.framework in Frameworks */ = {isa = PBXBuildFile; fileRef = EABC210217D43B7B005F93F1 /* QuartzCore.framework */; };
		EABC210617D4422E005F93F1 /* TMDStoryTestVC.m in Sources */ = {isa = PBXBuildFile; fileRef = EABC210517D4422E005F93F1 /* TMDStoryTestVC.m */; };
		EABC24FC17D46532005F93F1 /* sample.jpg in Resources */ = {isa = PBXBuildFile; fileRef = EABC24FB17D46532005F93F1 /* sample.jpg */; };
		EABC24FE17D4679C005F93F1 /* mask.jpg in Resources */ = {isa = PBXBuildFile; fileRef = EABC24FD17D4679C005F93F1 /* mask.jpg */; };
		EABC250C17D47534005F93F1 /* 1.jpg in Resources */ = {isa = PBXBuildFile; fileRef = EABC250117D47534005F93F1 /* 1.jpg */; };
		EABC250D17D47534005F93F1 /* 10.jpg in Resources */ = {isa = PBXBuildFile; fileRef = EABC250217D47534005F93F1 /* 10.jpg */; };
		EABC250E17D47534005F93F1 /* 2.jpg in Resources */ = {isa = PBXBuildFile; fileRef = EABC250317D47534005F93F1 /* 2.jpg */; };
		EABC250F17D47534005F93F1 /* 3.jpg in Resources */ = {isa = PBXBuildFile; fileRef = EABC250417D47534005F93F1 /* 3.jpg */; };
		EABC251017D47534005F93F1 /* 30.jpg in Resources */ = {isa = PBXBuildFile; fileRef = EABC250517D47534005F93F1 /* 30.jpg */; };
		EABC251117D47534005F93F1 /* 4.jpg in Resources */ = {isa = PBXBuildFile; fileRef = EABC250617D47534005F93F1 /* 4.jpg */; };
		EABC251217D47534005F93F1 /* 5.jpg in Resources */ = {isa = PBXBuildFile; fileRef = EABC250717D47534005F93F1 /* 5.jpg */; };
		EABC251317D47534005F93F1 /* 6.jpg in Resources */ = {isa = PBXBuildFile; fileRef = EABC250817D47534005F93F1 /* 6.jpg */; };
		EABC251417D47534005F93F1 /* 7.jpg in Resources */ = {isa = PBXBuildFile; fileRef = EABC250917D47534005F93F1 /* 7.jpg */; };
		EABC251517D47534005F93F1 /* 8.jpg in Resources */ = {isa = PBXBuildFile; fileRef = EABC250A17D47534005F93F1 /* 8.jpg */; };
		EABC251617D47534005F93F1 /* 9.jpg in Resources */ = {isa = PBXBuildFile; fileRef = EABC250B17D47534005F93F1 /* 9.jpg */; };
/* End PBXBuildFile section */

/* Begin PBXFileReference section */
		028FD8A2E94F4B58903B31BA /* libPods.a */ = {isa = PBXFileReference; explicitFileType = archive.ar; includeInIndex = 0; path = libPods.a; sourceTree = BUILT_PRODUCTS_DIR; };
		5B1F22573B7F4CF88F0764B3 /* Pods.xcconfig */ = {isa = PBXFileReference; includeInIndex = 1; lastKnownFileType = text.xcconfig; name = Pods.xcconfig; path = Pods/Pods.xcconfig; sourceTree = SOURCE_ROOT; };
		EA539FF217CB5EC8004EBAD4 /* PicStoryIOS.app */ = {isa = PBXFileReference; explicitFileType = wrapper.application; includeInIndex = 0; path = PicStoryIOS.app; sourceTree = BUILT_PRODUCTS_DIR; };
		EA539FF517CB5EC8004EBAD4 /* UIKit.framework */ = {isa = PBXFileReference; lastKnownFileType = wrapper.framework; name = UIKit.framework; path = System/Library/Frameworks/UIKit.framework; sourceTree = SDKROOT; };
		EA539FF717CB5EC8004EBAD4 /* Foundation.framework */ = {isa = PBXFileReference; lastKnownFileType = wrapper.framework; name = Foundation.framework; path = System/Library/Frameworks/Foundation.framework; sourceTree = SDKROOT; };
		EA539FF917CB5EC8004EBAD4 /* CoreGraphics.framework */ = {isa = PBXFileReference; lastKnownFileType = wrapper.framework; name = CoreGraphics.framework; path = System/Library/Frameworks/CoreGraphics.framework; sourceTree = SDKROOT; };
		EA539FFD17CB5EC8004EBAD4 /* PicStoryIOS-Info.plist */ = {isa = PBXFileReference; lastKnownFileType = text.plist.xml; path = "PicStoryIOS-Info.plist"; sourceTree = "<group>"; };
		EA539FFF17CB5EC8004EBAD4 /* en */ = {isa = PBXFileReference; lastKnownFileType = text.plist.strings; name = en; path = en.lproj/InfoPlist.strings; sourceTree = "<group>"; };
		EA53A00117CB5EC8004EBAD4 /* main.m */ = {isa = PBXFileReference; lastKnownFileType = sourcecode.c.objc; path = main.m; sourceTree = "<group>"; };
		EA53A00317CB5EC8004EBAD4 /* PicStoryIOS-Prefix.pch */ = {isa = PBXFileReference; lastKnownFileType = sourcecode.c.h; path = "PicStoryIOS-Prefix.pch"; sourceTree = "<group>"; };
		EA53A00417CB5EC8004EBAD4 /* TMDAppDelegate.h */ = {isa = PBXFileReference; lastKnownFileType = sourcecode.c.h; path = TMDAppDelegate.h; sourceTree = "<group>"; };
		EA53A00517CB5EC8004EBAD4 /* TMDAppDelegate.m */ = {isa = PBXFileReference; lastKnownFileType = sourcecode.c.objc; path = TMDAppDelegate.m; sourceTree = "<group>"; };
		EA53A00717CB5EC8004EBAD4 /* Default.png */ = {isa = PBXFileReference; lastKnownFileType = image.png; path = Default.png; sourceTree = "<group>"; };
		EA53A00917CB5EC8004EBAD4 /* Default@2x.png */ = {isa = PBXFileReference; lastKnownFileType = image.png; path = "Default@2x.png"; sourceTree = "<group>"; };
		EA53A00B17CB5EC8004EBAD4 /* Default-568h@2x.png */ = {isa = PBXFileReference; lastKnownFileType = image.png; path = "Default-568h@2x.png"; sourceTree = "<group>"; };
		EA53A00D17CB5EC8004EBAD4 /* TMDViewController.h */ = {isa = PBXFileReference; lastKnownFileType = sourcecode.c.h; path = TMDViewController.h; sourceTree = "<group>"; };
		EA53A00E17CB5EC8004EBAD4 /* TMDViewController.m */ = {isa = PBXFileReference; lastKnownFileType = sourcecode.c.objc; path = TMDViewController.m; sourceTree = "<group>"; };
		EA53A01117CB5EC8004EBAD4 /* en */ = {isa = PBXFileReference; lastKnownFileType = file.xib; name = en; path = en.lproj/TMDViewController.xib; sourceTree = "<group>"; };
		EAB3C57517D476C700A55A65 /* TMDViewAnimation.h */ = {isa = PBXFileReference; fileEncoding = 4; lastKnownFileType = sourcecode.c.h; path = TMDViewAnimation.h; sourceTree = "<group>"; };
		EAB3C57617D476C700A55A65 /* TMDViewAnimation.m */ = {isa = PBXFileReference; fileEncoding = 4; lastKnownFileType = sourcecode.c.objc; path = TMDViewAnimation.m; sourceTree = "<group>"; };
		EAB3C57917D4840300A55A65 /* TMDStory.h */ = {isa = PBXFileReference; fileEncoding = 4; lastKnownFileType = sourcecode.c.h; path = TMDStory.h; sourceTree = "<group>"; };
		EAB3C57A17D4840300A55A65 /* TMDStory.m */ = {isa = PBXFileReference; fileEncoding = 4; lastKnownFileType = sourcecode.c.objc; path = TMDStory.m; sourceTree = "<group>"; };
		EAB3C57C17D4854C00A55A65 /* TMDMovie.h */ = {isa = PBXFileReference; fileEncoding = 4; lastKnownFileType = sourcecode.c.h; path = TMDMovie.h; sourceTree = "<group>"; };
		EAB3C57D17D4854C00A55A65 /* TMDMovie.m */ = {isa = PBXFileReference; fileEncoding = 4; lastKnownFileType = sourcecode.c.objc; path = TMDMovie.m; sourceTree = "<group>"; };
		EAB3C57F17D485D300A55A65 /* TMDFrame.h */ = {isa = PBXFileReference; fileEncoding = 4; lastKnownFileType = sourcecode.c.h; path = TMDFrame.h; sourceTree = "<group>"; };
		EAB3C58017D485D300A55A65 /* TMDFrame.m */ = {isa = PBXFileReference; fileEncoding = 4; lastKnownFileType = sourcecode.c.objc; path = TMDFrame.m; sourceTree = "<group>"; };
		EABC20FF17D43AD1005F93F1 /* TMDLayerAnimation.h */ = {isa = PBXFileReference; fileEncoding = 4; lastKnownFileType = sourcecode.c.h; path = TMDLayerAnimation.h; sourceTree = "<group>"; };
		EABC210017D43AD1005F93F1 /* TMDLayerAnimation.m */ = {isa = PBXFileReference; fileEncoding = 4; lastKnownFileType = sourcecode.c.objc; path = TMDLayerAnimation.m; sourceTree = "<group>"; };
		EABC210217D43B7B005F93F1 /* QuartzCore.framework */ = {isa = PBXFileReference; lastKnownFileType = wrapper.framework; name = QuartzCore.framework; path = System/Library/Frameworks/QuartzCore.framework; sourceTree = SDKROOT; };
		EABC210417D4422E005F93F1 /* TMDStoryTestVC.h */ = {isa = PBXFileReference; fileEncoding = 4; lastKnownFileType = sourcecode.c.h; path = TMDStoryTestVC.h; sourceTree = "<group>"; };
		EABC210517D4422E005F93F1 /* TMDStoryTestVC.m */ = {isa = PBXFileReference; fileEncoding = 4; lastKnownFileType = sourcecode.c.objc; path = TMDStoryTestVC.m; sourceTree = "<group>"; };
		EABC24FB17D46532005F93F1 /* sample.jpg */ = {isa = PBXFileReference; lastKnownFileType = image.jpeg; path = sample.jpg; sourceTree = "<group>"; };
		EABC24FD17D4679C005F93F1 /* mask.jpg */ = {isa = PBXFileReference; lastKnownFileType = image.jpeg; path = mask.jpg; sourceTree = "<group>"; };
		EABC250117D47534005F93F1 /* 1.jpg */ = {isa = PBXFileReference; lastKnownFileType = image.jpeg; path = 1.jpg; sourceTree = "<group>"; };
		EABC250217D47534005F93F1 /* 10.jpg */ = {isa = PBXFileReference; lastKnownFileType = image.jpeg; path = 10.jpg; sourceTree = "<group>"; };
		EABC250317D47534005F93F1 /* 2.jpg */ = {isa = PBXFileReference; lastKnownFileType = image.jpeg; path = 2.jpg; sourceTree = "<group>"; };
		EABC250417D47534005F93F1 /* 3.jpg */ = {isa = PBXFileReference; lastKnownFileType = image.jpeg; path = 3.jpg; sourceTree = "<group>"; };
		EABC250517D47534005F93F1 /* 30.jpg */ = {isa = PBXFileReference; lastKnownFileType = image.jpeg; path = 30.jpg; sourceTree = "<group>"; };
		EABC250617D47534005F93F1 /* 4.jpg */ = {isa = PBXFileReference; lastKnownFileType = image.jpeg; path = 4.jpg; sourceTree = "<group>"; };
		EABC250717D47534005F93F1 /* 5.jpg */ = {isa = PBXFileReference; lastKnownFileType = image.jpeg; path = 5.jpg; sourceTree = "<group>"; };
		EABC250817D47534005F93F1 /* 6.jpg */ = {isa = PBXFileReference; lastKnownFileType = image.jpeg; path = 6.jpg; sourceTree = "<group>"; };
		EABC250917D47534005F93F1 /* 7.jpg */ = {isa = PBXFileReference; lastKnownFileType = image.jpeg; path = 7.jpg; sourceTree = "<group>"; };
		EABC250A17D47534005F93F1 /* 8.jpg */ = {isa = PBXFileReference; lastKnownFileType = image.jpeg; path = 8.jpg; sourceTree = "<group>"; };
		EABC250B17D47534005F93F1 /* 9.jpg */ = {isa = PBXFileReference; lastKnownFileType = image.jpeg; path = 9.jpg; sourceTree = "<group>"; };
/* End PBXFileReference section */

/* Begin PBXFrameworksBuildPhase section */
		EA539FEF17CB5EC8004EBAD4 /* Frameworks */ = {
			isa = PBXFrameworksBuildPhase;
			buildActionMask = 2147483647;
			files = (
				EABC210317D43B7B005F93F1 /* QuartzCore.framework in Frameworks */,
				EA539FF617CB5EC8004EBAD4 /* UIKit.framework in Frameworks */,
				EA539FF817CB5EC8004EBAD4 /* Foundation.framework in Frameworks */,
				EA539FFA17CB5EC8004EBAD4 /* CoreGraphics.framework in Frameworks */,
				100C76DF3F1C4B0A8EEF1679 /* libPods.a in Frameworks */,
			);
			runOnlyForDeploymentPostprocessing = 0;
		};
/* End PBXFrameworksBuildPhase section */

/* Begin PBXGroup section */
		EA539FE917CB5EC8004EBAD4 = {
			isa = PBXGroup;
			children = (
				EAB3C57817D483F100A55A65 /* Model */,
				EABC250017D47533005F93F1 /* one_piece */,
				EABC24FF17D46EEF005F93F1 /* ThirdParty */,
				EABC24FD17D4679C005F93F1 /* mask.jpg */,
				EABC24FB17D46532005F93F1 /* sample.jpg */,
				EABC210217D43B7B005F93F1 /* QuartzCore.framework */,
				EA539FFB17CB5EC8004EBAD4 /* PicStoryIOS */,
				EA539FF417CB5EC8004EBAD4 /* Frameworks */,
				EA539FF317CB5EC8004EBAD4 /* Products */,
				5B1F22573B7F4CF88F0764B3 /* Pods.xcconfig */,
			);
			sourceTree = "<group>";
		};
		EA539FF317CB5EC8004EBAD4 /* Products */ = {
			isa = PBXGroup;
			children = (
				EA539FF217CB5EC8004EBAD4 /* PicStoryIOS.app */,
			);
			name = Products;
			sourceTree = "<group>";
		};
		EA539FF417CB5EC8004EBAD4 /* Frameworks */ = {
			isa = PBXGroup;
			children = (
				EA539FF517CB5EC8004EBAD4 /* UIKit.framework */,
				EA539FF717CB5EC8004EBAD4 /* Foundation.framework */,
				EA539FF917CB5EC8004EBAD4 /* CoreGraphics.framework */,
				028FD8A2E94F4B58903B31BA /* libPods.a */,
			);
			name = Frameworks;
			sourceTree = "<group>";
		};
		EA539FFB17CB5EC8004EBAD4 /* PicStoryIOS */ = {
			isa = PBXGroup;
			children = (
				EA53A00417CB5EC8004EBAD4 /* TMDAppDelegate.h */,
				EA53A00517CB5EC8004EBAD4 /* TMDAppDelegate.m */,
				EA53A00D17CB5EC8004EBAD4 /* TMDViewController.h */,
				EA53A00E17CB5EC8004EBAD4 /* TMDViewController.m */,
				EA53A01017CB5EC8004EBAD4 /* TMDViewController.xib */,
				EA539FFC17CB5EC8004EBAD4 /* Supporting Files */,
				EABC20FF17D43AD1005F93F1 /* TMDLayerAnimation.h */,
				EABC210017D43AD1005F93F1 /* TMDLayerAnimation.m */,
				EABC210417D4422E005F93F1 /* TMDStoryTestVC.h */,
				EABC210517D4422E005F93F1 /* TMDStoryTestVC.m */,
				EAB3C57517D476C700A55A65 /* TMDViewAnimation.h */,
				EAB3C57617D476C700A55A65 /* TMDViewAnimation.m */,
			);
			path = PicStoryIOS;
			sourceTree = "<group>";
		};
		EA539FFC17CB5EC8004EBAD4 /* Supporting Files */ = {
			isa = PBXGroup;
			children = (
				EA539FFD17CB5EC8004EBAD4 /* PicStoryIOS-Info.plist */,
				EA539FFE17CB5EC8004EBAD4 /* InfoPlist.strings */,
				EA53A00117CB5EC8004EBAD4 /* main.m */,
				EA53A00317CB5EC8004EBAD4 /* PicStoryIOS-Prefix.pch */,
				EA53A00717CB5EC8004EBAD4 /* Default.png */,
				EA53A00917CB5EC8004EBAD4 /* Default@2x.png */,
				EA53A00B17CB5EC8004EBAD4 /* Default-568h@2x.png */,
			);
			name = "Supporting Files";
			sourceTree = "<group>";
		};
		EAB3C57817D483F100A55A65 /* Model */ = {
			isa = PBXGroup;
			children = (
				EAB3C57917D4840300A55A65 /* TMDStory.h */,
				EAB3C57A17D4840300A55A65 /* TMDStory.m */,
				EAB3C57C17D4854C00A55A65 /* TMDMovie.h */,
				EAB3C57D17D4854C00A55A65 /* TMDMovie.m */,
				EAB3C57F17D485D300A55A65 /* TMDFrame.h */,
				EAB3C58017D485D300A55A65 /* TMDFrame.m */,
			);
			path = Model;
			sourceTree = "<group>";
		};
		EABC24FF17D46EEF005F93F1 /* ThirdParty */ = {
			isa = PBXGroup;
			children = (
			);
			path = ThirdParty;
			sourceTree = "<group>";
		};
		EABC250017D47533005F93F1 /* one_piece */ = {
			isa = PBXGroup;
			children = (
				EABC250117D47534005F93F1 /* 1.jpg */,
				EABC250217D47534005F93F1 /* 10.jpg */,
				EABC250317D47534005F93F1 /* 2.jpg */,
				EABC250417D47534005F93F1 /* 3.jpg */,
				EABC250517D47534005F93F1 /* 30.jpg */,
				EABC250617D47534005F93F1 /* 4.jpg */,
				EABC250717D47534005F93F1 /* 5.jpg */,
				EABC250817D47534005F93F1 /* 6.jpg */,
				EABC250917D47534005F93F1 /* 7.jpg */,
				EABC250A17D47534005F93F1 /* 8.jpg */,
				EABC250B17D47534005F93F1 /* 9.jpg */,
			);
			path = one_piece;
			sourceTree = "<group>";
		};
/* End PBXGroup section */

/* Begin PBXNativeTarget section */
		EA539FF117CB5EC8004EBAD4 /* PicStoryIOS */ = {
			isa = PBXNativeTarget;
			buildConfigurationList = EA53A01517CB5EC8004EBAD4 /* Build configuration list for PBXNativeTarget "PicStoryIOS" */;
			buildPhases = (
				BB78E6D67DE447518C5A817A /* Check Pods Manifest.lock */,
				EA539FEE17CB5EC8004EBAD4 /* Sources */,
				EA539FEF17CB5EC8004EBAD4 /* Frameworks */,
				EA539FF017CB5EC8004EBAD4 /* Resources */,
				116B5C54413449BBB40CE33F /* Copy Pods Resources */,
			);
			buildRules = (
			);
			dependencies = (
			);
			name = PicStoryIOS;
			productName = PicStoryIOS;
			productReference = EA539FF217CB5EC8004EBAD4 /* PicStoryIOS.app */;
			productType = "com.apple.product-type.application";
		};
/* End PBXNativeTarget section */

/* Begin PBXProject section */
		EA539FEA17CB5EC8004EBAD4 /* Project object */ = {
			isa = PBXProject;
			attributes = {
				CLASSPREFIX = TMD;
				LastUpgradeCheck = 0460;
				ORGANIZATIONNAME = ToMaDon;
			};
			buildConfigurationList = EA539FED17CB5EC8004EBAD4 /* Build configuration list for PBXProject "PicStoryIOS" */;
			compatibilityVersion = "Xcode 3.2";
			developmentRegion = English;
			hasScannedForEncodings = 0;
			knownRegions = (
				en,
			);
			mainGroup = EA539FE917CB5EC8004EBAD4;
			productRefGroup = EA539FF317CB5EC8004EBAD4 /* Products */;
			projectDirPath = "";
			projectRoot = "";
			targets = (
				EA539FF117CB5EC8004EBAD4 /* PicStoryIOS */,
			);
		};
/* End PBXProject section */

/* Begin PBXResourcesBuildPhase section */
		EA539FF017CB5EC8004EBAD4 /* Resources */ = {
			isa = PBXResourcesBuildPhase;
			buildActionMask = 2147483647;
			files = (
				EA53A00017CB5EC8004EBAD4 /* InfoPlist.strings in Resources */,
				EA53A00817CB5EC8004EBAD4 /* Default.png in Resources */,
				EA53A00A17CB5EC8004EBAD4 /* Default@2x.png in Resources */,
				EA53A00C17CB5EC8004EBAD4 /* Default-568h@2x.png in Resources */,
				EA53A01217CB5EC8004EBAD4 /* TMDViewController.xib in Resources */,
				EABC24FC17D46532005F93F1 /* sample.jpg in Resources */,
				EABC24FE17D4679C005F93F1 /* mask.jpg in Resources */,
				EABC250C17D47534005F93F1 /* 1.jpg in Resources */,
				EABC250D17D47534005F93F1 /* 10.jpg in Resources */,
				EABC250E17D47534005F93F1 /* 2.jpg in Resources */,
				EABC250F17D47534005F93F1 /* 3.jpg in Resources */,
				EABC251017D47534005F93F1 /* 30.jpg in Resources */,
				EABC251117D47534005F93F1 /* 4.jpg in Resources */,
				EABC251217D47534005F93F1 /* 5.jpg in Resources */,
				EABC251317D47534005F93F1 /* 6.jpg in Resources */,
				EABC251417D47534005F93F1 /* 7.jpg in Resources */,
				EABC251517D47534005F93F1 /* 8.jpg in Resources */,
				EABC251617D47534005F93F1 /* 9.jpg in Resources */,
			);
			runOnlyForDeploymentPostprocessing = 0;
		};
/* End PBXResourcesBuildPhase section */

/* Begin PBXShellScriptBuildPhase section */
		116B5C54413449BBB40CE33F /* Copy Pods Resources */ = {
			isa = PBXShellScriptBuildPhase;
			buildActionMask = 2147483647;
			files = (
			);
			inputPaths = (
			);
			name = "Copy Pods Resources";
			outputPaths = (
			);
			runOnlyForDeploymentPostprocessing = 0;
			shellPath = /bin/sh;
			shellScript = "\"${SRCROOT}/Pods/Pods-resources.sh\"\n";
			showEnvVarsInLog = 0;
		};
		BB78E6D67DE447518C5A817A /* Check Pods Manifest.lock */ = {
			isa = PBXShellScriptBuildPhase;
			buildActionMask = 2147483647;
			files = (
			);
			inputPaths = (
			);
			name = "Check Pods Manifest.lock";
			outputPaths = (
			);
			runOnlyForDeploymentPostprocessing = 0;
			shellPath = /bin/sh;
			shellScript = "diff \"${PODS_ROOT}/../Podfile.lock\" \"${PODS_ROOT}/Manifest.lock\" > /dev/null\nif [[ $? != 0 ]] ; then\n    cat << EOM\nerror: The sandbox is not in sync with the Podfile.lock. Run 'pod install' or update your CocoaPods installation.\nEOM\n    exit 1\nfi\n";
			showEnvVarsInLog = 0;
		};
/* End PBXShellScriptBuildPhase section */

/* Begin PBXSourcesBuildPhase section */
		EA539FEE17CB5EC8004EBAD4 /* Sources */ = {
			isa = PBXSourcesBuildPhase;
			buildActionMask = 2147483647;
			files = (
				EA53A00217CB5EC8004EBAD4 /* main.m in Sources */,
				EA53A00617CB5EC8004EBAD4 /* TMDAppDelegate.m in Sources */,
				EA53A00F17CB5EC8004EBAD4 /* TMDViewController.m in Sources */,
				EABC210117D43AD1005F93F1 /* TMDLayerAnimation.m in Sources */,
				EABC210617D4422E005F93F1 /* TMDStoryTestVC.m in Sources */,
				EAB3C57717D476C700A55A65 /* TMDViewAnimation.m in Sources */,
				EAB3C57B17D4840300A55A65 /* TMDStory.m in Sources */,
				EAB3C57E17D4854C00A55A65 /* TMDMovie.m in Sources */,
				EAB3C58117D485D300A55A65 /* TMDFrame.m in Sources */,
			);
			runOnlyForDeploymentPostprocessing = 0;
		};
/* End PBXSourcesBuildPhase section */

/* Begin PBXVariantGroup section */
		EA539FFE17CB5EC8004EBAD4 /* InfoPlist.strings */ = {
			isa = PBXVariantGroup;
			children = (
				EA539FFF17CB5EC8004EBAD4 /* en */,
			);
			name = InfoPlist.strings;
			sourceTree = "<group>";
		};
		EA53A01017CB5EC8004EBAD4 /* TMDViewController.xib */ = {
			isa = PBXVariantGroup;
			children = (
				EA53A01117CB5EC8004EBAD4 /* en */,
			);
			name = TMDViewController.xib;
			sourceTree = "<group>";
		};
/* End PBXVariantGroup section */

/* Begin XCBuildConfiguration section */
		EA53A01317CB5EC8004EBAD4 /* Debug */ = {
			isa = XCBuildConfiguration;
			buildSettings = {
				ALWAYS_SEARCH_USER_PATHS = NO;
				CLANG_CXX_LANGUAGE_STANDARD = "gnu++0x";
				CLANG_CXX_LIBRARY = "libc++";
				CLANG_ENABLE_OBJC_ARC = YES;
				CLANG_WARN_CONSTANT_CONVERSION = YES;
				CLANG_WARN_EMPTY_BODY = YES;
				CLANG_WARN_ENUM_CONVERSION = YES;
				CLANG_WARN_INT_CONVERSION = YES;
				CLANG_WARN__DUPLICATE_METHOD_MATCH = YES;
				"CODE_SIGN_IDENTITY[sdk=iphoneos*]" = "iPhone Developer";
				COPY_PHASE_STRIP = NO;
				GCC_C_LANGUAGE_STANDARD = gnu99;
				GCC_DYNAMIC_NO_PIC = NO;
				GCC_OPTIMIZATION_LEVEL = 0;
				GCC_PREPROCESSOR_DEFINITIONS = (
					"DEBUG=1",
					"$(inherited)",
				);
				GCC_SYMBOLS_PRIVATE_EXTERN = NO;
				GCC_WARN_ABOUT_RETURN_TYPE = YES;
				GCC_WARN_UNINITIALIZED_AUTOS = YES;
				GCC_WARN_UNUSED_VARIABLE = YES;
				IPHONEOS_DEPLOYMENT_TARGET = 6.1;
				ONLY_ACTIVE_ARCH = YES;
				SDKROOT = iphoneos;
			};
			name = Debug;
		};
		EA53A01417CB5EC8004EBAD4 /* Release */ = {
			isa = XCBuildConfiguration;
			buildSettings = {
				ALWAYS_SEARCH_USER_PATHS = NO;
				CLANG_CXX_LANGUAGE_STANDARD = "gnu++0x";
				CLANG_CXX_LIBRARY = "libc++";
				CLANG_ENABLE_OBJC_ARC = YES;
				CLANG_WARN_CONSTANT_CONVERSION = YES;
				CLANG_WARN_EMPTY_BODY = YES;
				CLANG_WARN_ENUM_CONVERSION = YES;
				CLANG_WARN_INT_CONVERSION = YES;
				CLANG_WARN__DUPLICATE_METHOD_MATCH = YES;
				"CODE_SIGN_IDENTITY[sdk=iphoneos*]" = "iPhone Developer";
				COPY_PHASE_STRIP = YES;
				GCC_C_LANGUAGE_STANDARD = gnu99;
				GCC_WARN_ABOUT_RETURN_TYPE = YES;
				GCC_WARN_UNINITIALIZED_AUTOS = YES;
				GCC_WARN_UNUSED_VARIABLE = YES;
				IPHONEOS_DEPLOYMENT_TARGET = 6.1;
				OTHER_CFLAGS = "-DNS_BLOCK_ASSERTIONS=1";
				SDKROOT = iphoneos;
				VALIDATE_PRODUCT = YES;
			};
			name = Release;
		};
		EA53A01617CB5EC8004EBAD4 /* Debug */ = {
			isa = XCBuildConfiguration;
			baseConfigurationReference = 5B1F22573B7F4CF88F0764B3 /* Pods.xcconfig */;
			buildSettings = {
				GCC_PRECOMPILE_PREFIX_HEADER = YES;
				GCC_PREFIX_HEADER = "PicStoryIOS/PicStoryIOS-Prefix.pch";
				INFOPLIST_FILE = "PicStoryIOS/PicStoryIOS-Info.plist";
				PRODUCT_NAME = "$(TARGET_NAME)";
				WRAPPER_EXTENSION = app;
			};
			name = Debug;
		};
		EA53A01717CB5EC8004EBAD4 /* Release */ = {
			isa = XCBuildConfiguration;
			baseConfigurationReference = 5B1F22573B7F4CF88F0764B3 /* Pods.xcconfig */;
			buildSettings = {
				GCC_PRECOMPILE_PREFIX_HEADER = YES;
				GCC_PREFIX_HEADER = "PicStoryIOS/PicStoryIOS-Prefix.pch";
				INFOPLIST_FILE = "PicStoryIOS/PicStoryIOS-Info.plist";
				PRODUCT_NAME = "$(TARGET_NAME)";
				WRAPPER_EXTENSION = app;
			};
			name = Release;
		};
/* End XCBuildConfiguration section */

/* Begin XCConfigurationList section */
		EA539FED17CB5EC8004EBAD4 /* Build configuration list for PBXProject "PicStoryIOS" */ = {
			isa = XCConfigurationList;
			buildConfigurations = (
				EA53A01317CB5EC8004EBAD4 /* Debug */,
				EA53A01417CB5EC8004EBAD4 /* Release */,
			);
			defaultConfigurationIsVisible = 0;
			defaultConfigurationName = Release;
		};
		EA53A01517CB5EC8004EBAD4 /* Build configuration list for PBXNativeTarget "PicStoryIOS" */ = {
			isa = XCConfigurationList;
			buildConfigurations = (
				EA53A01617CB5EC8004EBAD4 /* Debug */,
				EA53A01717CB5EC8004EBAD4 /* Release */,
			);
			defaultConfigurationIsVisible = 0;
			defaultConfigurationName = Release;
		};
/* End XCConfigurationList section */
	};
	rootObject = EA539FEA17CB5EC8004EBAD4 /* Project object */;
}
