<?xml version="1.0" encoding="UTF-8"?>
<!DOCTYPE plist PUBLIC "-//Apple//DTD PLIST 1.0//EN" "http://www.apple.com/DTDs/PropertyList-1.0.dtd">
<plist version="1.0">
<dict>
	<key>archiveVersion</key>
	<string>1</string>
	<key>classes</key>
	<dict/>
	<key>objectVersion</key>
	<string>46</string>
	<key>objects</key>
	<dict>
		<key>028FD8A2E94F4B58903B31BA</key>
		<dict>
			<key>explicitFileType</key>
			<string>archive.ar</string>
			<key>includeInIndex</key>
			<string>0</string>
			<key>isa</key>
			<string>PBXFileReference</string>
			<key>path</key>
			<string>libPods.a</string>
			<key>sourceTree</key>
			<string>BUILT_PRODUCTS_DIR</string>
		</dict>
		<key>100C76DF3F1C4B0A8EEF1679</key>
		<dict>
			<key>fileRef</key>
			<string>028FD8A2E94F4B58903B31BA</string>
			<key>isa</key>
			<string>PBXBuildFile</string>
		</dict>
		<key>116B5C54413449BBB40CE33F</key>
		<dict>
			<key>buildActionMask</key>
			<string>2147483647</string>
			<key>files</key>
			<array/>
			<key>inputPaths</key>
			<array/>
			<key>isa</key>
			<string>PBXShellScriptBuildPhase</string>
			<key>name</key>
			<string>Copy Pods Resources</string>
			<key>outputPaths</key>
			<array/>
			<key>runOnlyForDeploymentPostprocessing</key>
			<string>0</string>
			<key>shellPath</key>
			<string>/bin/sh</string>
			<key>shellScript</key>
			<string>"${SRCROOT}/Pods/Pods-resources.sh"
</string>
			<key>showEnvVarsInLog</key>
			<string>0</string>
		</dict>
		<key>5B1F22573B7F4CF88F0764B3</key>
		<dict>
			<key>includeInIndex</key>
			<string>1</string>
			<key>isa</key>
			<string>PBXFileReference</string>
			<key>lastKnownFileType</key>
			<string>text.xcconfig</string>
			<key>name</key>
			<string>Pods.xcconfig</string>
			<key>path</key>
			<string>Pods/Pods.xcconfig</string>
			<key>sourceTree</key>
			<string>SOURCE_ROOT</string>
		</dict>
		<key>BB78E6D67DE447518C5A817A</key>
		<dict>
			<key>buildActionMask</key>
			<string>2147483647</string>
			<key>files</key>
			<array/>
			<key>inputPaths</key>
			<array/>
			<key>isa</key>
			<string>PBXShellScriptBuildPhase</string>
			<key>name</key>
			<string>Check Pods Manifest.lock</string>
			<key>outputPaths</key>
			<array/>
			<key>runOnlyForDeploymentPostprocessing</key>
			<string>0</string>
			<key>shellPath</key>
			<string>/bin/sh</string>
			<key>shellScript</key>
			<string>diff "${PODS_ROOT}/../Podfile.lock" "${PODS_ROOT}/Manifest.lock" &gt; /dev/null
if [[ $? != 0 ]] ; then
    cat &lt;&lt; EOM
error: The sandbox is not in sync with the Podfile.lock. Run 'pod install' or update your CocoaPods installation.
EOM
    exit 1
fi
</string>
			<key>showEnvVarsInLog</key>
			<string>0</string>
		</dict>
		<key>EA539FE917CB5EC8004EBAD4</key>
		<dict>
			<key>children</key>
			<array>
				<string>EA539FFB17CB5EC8004EBAD4</string>
				<string>EA539FF417CB5EC8004EBAD4</string>
				<string>EA539FF317CB5EC8004EBAD4</string>
				<string>5B1F22573B7F4CF88F0764B3</string>
			</array>
			<key>isa</key>
			<string>PBXGroup</string>
			<key>sourceTree</key>
			<string>&lt;group&gt;</string>
		</dict>
		<key>EA539FEA17CB5EC8004EBAD4</key>
		<dict>
			<key>attributes</key>
			<dict>
				<key>CLASSPREFIX</key>
				<string>TMD</string>
				<key>LastUpgradeCheck</key>
				<string>0460</string>
				<key>ORGANIZATIONNAME</key>
				<string>ToMaDon</string>
			</dict>
			<key>buildConfigurationList</key>
			<string>EA539FED17CB5EC8004EBAD4</string>
			<key>compatibilityVersion</key>
			<string>Xcode 3.2</string>
			<key>developmentRegion</key>
			<string>English</string>
			<key>hasScannedForEncodings</key>
			<string>0</string>
			<key>isa</key>
			<string>PBXProject</string>
			<key>knownRegions</key>
			<array>
				<string>en</string>
			</array>
			<key>mainGroup</key>
			<string>EA539FE917CB5EC8004EBAD4</string>
			<key>productRefGroup</key>
			<string>EA539FF317CB5EC8004EBAD4</string>
			<key>projectDirPath</key>
			<string></string>
			<key>projectReferences</key>
			<array/>
			<key>projectRoot</key>
			<string></string>
			<key>targets</key>
			<array>
				<string>EA539FF117CB5EC8004EBAD4</string>
			</array>
		</dict>
		<key>EA539FED17CB5EC8004EBAD4</key>
		<dict>
			<key>buildConfigurations</key>
			<array>
				<string>EA53A01317CB5EC8004EBAD4</string>
				<string>EA53A01417CB5EC8004EBAD4</string>
			</array>
			<key>defaultConfigurationIsVisible</key>
			<string>0</string>
			<key>defaultConfigurationName</key>
			<string>Release</string>
			<key>isa</key>
			<string>XCConfigurationList</string>
		</dict>
		<key>EA539FEE17CB5EC8004EBAD4</key>
		<dict>
			<key>buildActionMask</key>
			<string>2147483647</string>
			<key>files</key>
			<array>
				<string>EA53A00217CB5EC8004EBAD4</string>
				<string>EA53A00617CB5EC8004EBAD4</string>
				<string>EA53A00F17CB5EC8004EBAD4</string>
			</array>
			<key>isa</key>
			<string>PBXSourcesBuildPhase</string>
			<key>runOnlyForDeploymentPostprocessing</key>
			<string>0</string>
		</dict>
		<key>EA539FEF17CB5EC8004EBAD4</key>
		<dict>
			<key>buildActionMask</key>
			<string>2147483647</string>
			<key>files</key>
			<array>
				<string>EA539FF617CB5EC8004EBAD4</string>
				<string>EA539FF817CB5EC8004EBAD4</string>
				<string>EA539FFA17CB5EC8004EBAD4</string>
				<string>100C76DF3F1C4B0A8EEF1679</string>
			</array>
			<key>isa</key>
			<string>PBXFrameworksBuildPhase</string>
			<key>runOnlyForDeploymentPostprocessing</key>
			<string>0</string>
		</dict>
		<key>EA539FF017CB5EC8004EBAD4</key>
		<dict>
			<key>buildActionMask</key>
			<string>2147483647</string>
			<key>files</key>
			<array>
				<string>EA53A00017CB5EC8004EBAD4</string>
				<string>EA53A00817CB5EC8004EBAD4</string>
				<string>EA53A00A17CB5EC8004EBAD4</string>
				<string>EA53A00C17CB5EC8004EBAD4</string>
				<string>EA53A01217CB5EC8004EBAD4</string>
			</array>
			<key>isa</key>
			<string>PBXResourcesBuildPhase</string>
			<key>runOnlyForDeploymentPostprocessing</key>
			<string>0</string>
		</dict>
		<key>EA539FF117CB5EC8004EBAD4</key>
		<dict>
			<key>buildConfigurationList</key>
			<string>EA53A01517CB5EC8004EBAD4</string>
			<key>buildPhases</key>
			<array>
				<string>BB78E6D67DE447518C5A817A</string>
				<string>EA539FEE17CB5EC8004EBAD4</string>
				<string>EA539FEF17CB5EC8004EBAD4</string>
				<string>EA539FF017CB5EC8004EBAD4</string>
				<string>116B5C54413449BBB40CE33F</string>
			</array>
			<key>buildRules</key>
			<array/>
			<key>dependencies</key>
			<array/>
			<key>isa</key>
			<string>PBXNativeTarget</string>
			<key>name</key>
			<string>PicStoryIOS</string>
			<key>productName</key>
			<string>PicStoryIOS</string>
			<key>productReference</key>
			<string>EA539FF217CB5EC8004EBAD4</string>
			<key>productType</key>
			<string>com.apple.product-type.application</string>
		</dict>
		<key>EA539FF217CB5EC8004EBAD4</key>
		<dict>
			<key>explicitFileType</key>
			<string>wrapper.application</string>
			<key>includeInIndex</key>
			<string>0</string>
			<key>isa</key>
			<string>PBXFileReference</string>
			<key>path</key>
			<string>PicStoryIOS.app</string>
			<key>sourceTree</key>
			<string>BUILT_PRODUCTS_DIR</string>
		</dict>
		<key>EA539FF317CB5EC8004EBAD4</key>
		<dict>
			<key>children</key>
			<array>
				<string>EA539FF217CB5EC8004EBAD4</string>
			</array>
			<key>isa</key>
			<string>PBXGroup</string>
			<key>name</key>
			<string>Products</string>
			<key>sourceTree</key>
			<string>&lt;group&gt;</string>
		</dict>
		<key>EA539FF417CB5EC8004EBAD4</key>
		<dict>
			<key>children</key>
			<array>
				<string>EA539FF517CB5EC8004EBAD4</string>
				<string>EA539FF717CB5EC8004EBAD4</string>
				<string>EA539FF917CB5EC8004EBAD4</string>
				<string>028FD8A2E94F4B58903B31BA</string>
			</array>
			<key>isa</key>
			<string>PBXGroup</string>
			<key>name</key>
			<string>Frameworks</string>
			<key>sourceTree</key>
			<string>&lt;group&gt;</string>
		</dict>
		<key>EA539FF517CB5EC8004EBAD4</key>
		<dict>
			<key>isa</key>
			<string>PBXFileReference</string>
			<key>lastKnownFileType</key>
			<string>wrapper.framework</string>
			<key>name</key>
			<string>UIKit.framework</string>
			<key>path</key>
			<string>System/Library/Frameworks/UIKit.framework</string>
			<key>sourceTree</key>
			<string>SDKROOT</string>
		</dict>
		<key>EA539FF617CB5EC8004EBAD4</key>
		<dict>
			<key>fileRef</key>
			<string>EA539FF517CB5EC8004EBAD4</string>
			<key>isa</key>
			<string>PBXBuildFile</string>
		</dict>
		<key>EA539FF717CB5EC8004EBAD4</key>
		<dict>
			<key>isa</key>
			<string>PBXFileReference</string>
			<key>lastKnownFileType</key>
			<string>wrapper.framework</string>
			<key>name</key>
			<string>Foundation.framework</string>
			<key>path</key>
			<string>System/Library/Frameworks/Foundation.framework</string>
			<key>sourceTree</key>
			<string>SDKROOT</string>
		</dict>
		<key>EA539FF817CB5EC8004EBAD4</key>
		<dict>
			<key>fileRef</key>
			<string>EA539FF717CB5EC8004EBAD4</string>
			<key>isa</key>
			<string>PBXBuildFile</string>
		</dict>
		<key>EA539FF917CB5EC8004EBAD4</key>
		<dict>
			<key>isa</key>
			<string>PBXFileReference</string>
			<key>lastKnownFileType</key>
			<string>wrapper.framework</string>
			<key>name</key>
			<string>CoreGraphics.framework</string>
			<key>path</key>
			<string>System/Library/Frameworks/CoreGraphics.framework</string>
			<key>sourceTree</key>
			<string>SDKROOT</string>
		</dict>
		<key>EA539FFA17CB5EC8004EBAD4</key>
		<dict>
			<key>fileRef</key>
			<string>EA539FF917CB5EC8004EBAD4</string>
			<key>isa</key>
			<string>PBXBuildFile</string>
		</dict>
		<key>EA539FFB17CB5EC8004EBAD4</key>
		<dict>
			<key>children</key>
			<array>
				<string>EA53A00417CB5EC8004EBAD4</string>
				<string>EA53A00517CB5EC8004EBAD4</string>
				<string>EA53A00D17CB5EC8004EBAD4</string>
				<string>EA53A00E17CB5EC8004EBAD4</string>
				<string>EA53A01017CB5EC8004EBAD4</string>
				<string>EA539FFC17CB5EC8004EBAD4</string>
			</array>
			<key>isa</key>
			<string>PBXGroup</string>
			<key>path</key>
			<string>PicStoryIOS</string>
			<key>sourceTree</key>
			<string>&lt;group&gt;</string>
		</dict>
		<key>EA539FFC17CB5EC8004EBAD4</key>
		<dict>
			<key>children</key>
			<array>
				<string>EA539FFD17CB5EC8004EBAD4</string>
				<string>EA539FFE17CB5EC8004EBAD4</string>
				<string>EA53A00117CB5EC8004EBAD4</string>
				<string>EA53A00317CB5EC8004EBAD4</string>
				<string>EA53A00717CB5EC8004EBAD4</string>
				<string>EA53A00917CB5EC8004EBAD4</string>
				<string>EA53A00B17CB5EC8004EBAD4</string>
			</array>
			<key>isa</key>
			<string>PBXGroup</string>
			<key>name</key>
			<string>Supporting Files</string>
			<key>sourceTree</key>
			<string>&lt;group&gt;</string>
		</dict>
		<key>EA539FFD17CB5EC8004EBAD4</key>
		<dict>
			<key>isa</key>
			<string>PBXFileReference</string>
			<key>lastKnownFileType</key>
			<string>text.plist.xml</string>
			<key>path</key>
			<string>PicStoryIOS-Info.plist</string>
			<key>sourceTree</key>
			<string>&lt;group&gt;</string>
		</dict>
		<key>EA539FFE17CB5EC8004EBAD4</key>
		<dict>
			<key>children</key>
			<array>
				<string>EA539FFF17CB5EC8004EBAD4</string>
			</array>
			<key>isa</key>
			<string>PBXVariantGroup</string>
			<key>name</key>
			<string>InfoPlist.strings</string>
			<key>sourceTree</key>
			<string>&lt;group&gt;</string>
		</dict>
		<key>EA539FFF17CB5EC8004EBAD4</key>
		<dict>
			<key>isa</key>
			<string>PBXFileReference</string>
			<key>lastKnownFileType</key>
			<string>text.plist.strings</string>
			<key>name</key>
			<string>en</string>
			<key>path</key>
			<string>en.lproj/InfoPlist.strings</string>
			<key>sourceTree</key>
			<string>&lt;group&gt;</string>
		</dict>
		<key>EA53A00017CB5EC8004EBAD4</key>
		<dict>
			<key>fileRef</key>
			<string>EA539FFE17CB5EC8004EBAD4</string>
			<key>isa</key>
			<string>PBXBuildFile</string>
		</dict>
		<key>EA53A00117CB5EC8004EBAD4</key>
		<dict>
			<key>isa</key>
			<string>PBXFileReference</string>
			<key>lastKnownFileType</key>
			<string>sourcecode.c.objc</string>
			<key>path</key>
			<string>main.m</string>
			<key>sourceTree</key>
			<string>&lt;group&gt;</string>
		</dict>
		<key>EA53A00217CB5EC8004EBAD4</key>
		<dict>
			<key>fileRef</key>
			<string>EA53A00117CB5EC8004EBAD4</string>
			<key>isa</key>
			<string>PBXBuildFile</string>
		</dict>
		<key>EA53A00317CB5EC8004EBAD4</key>
		<dict>
			<key>isa</key>
			<string>PBXFileReference</string>
			<key>lastKnownFileType</key>
			<string>sourcecode.c.h</string>
			<key>path</key>
			<string>PicStoryIOS-Prefix.pch</string>
			<key>sourceTree</key>
			<string>&lt;group&gt;</string>
		</dict>
		<key>EA53A00417CB5EC8004EBAD4</key>
		<dict>
			<key>isa</key>
			<string>PBXFileReference</string>
			<key>lastKnownFileType</key>
			<string>sourcecode.c.h</string>
			<key>path</key>
			<string>TMDAppDelegate.h</string>
			<key>sourceTree</key>
			<string>&lt;group&gt;</string>
		</dict>
		<key>EA53A00517CB5EC8004EBAD4</key>
		<dict>
			<key>isa</key>
			<string>PBXFileReference</string>
			<key>lastKnownFileType</key>
			<string>sourcecode.c.objc</string>
			<key>path</key>
			<string>TMDAppDelegate.m</string>
			<key>sourceTree</key>
			<string>&lt;group&gt;</string>
		</dict>
		<key>EA53A00617CB5EC8004EBAD4</key>
		<dict>
			<key>fileRef</key>
			<string>EA53A00517CB5EC8004EBAD4</string>
			<key>isa</key>
			<string>PBXBuildFile</string>
		</dict>
		<key>EA53A00717CB5EC8004EBAD4</key>
		<dict>
			<key>isa</key>
			<string>PBXFileReference</string>
			<key>lastKnownFileType</key>
			<string>image.png</string>
			<key>path</key>
			<string>Default.png</string>
			<key>sourceTree</key>
			<string>&lt;group&gt;</string>
		</dict>
		<key>EA53A00817CB5EC8004EBAD4</key>
		<dict>
			<key>fileRef</key>
			<string>EA53A00717CB5EC8004EBAD4</string>
			<key>isa</key>
			<string>PBXBuildFile</string>
		</dict>
		<key>EA53A00917CB5EC8004EBAD4</key>
		<dict>
			<key>isa</key>
			<string>PBXFileReference</string>
			<key>lastKnownFileType</key>
			<string>image.png</string>
			<key>path</key>
			<string>Default@2x.png</string>
			<key>sourceTree</key>
			<string>&lt;group&gt;</string>
		</dict>
		<key>EA53A00A17CB5EC8004EBAD4</key>
		<dict>
			<key>fileRef</key>
			<string>EA53A00917CB5EC8004EBAD4</string>
			<key>isa</key>
			<string>PBXBuildFile</string>
		</dict>
		<key>EA53A00B17CB5EC8004EBAD4</key>
		<dict>
			<key>isa</key>
			<string>PBXFileReference</string>
			<key>lastKnownFileType</key>
			<string>image.png</string>
			<key>path</key>
			<string>Default-568h@2x.png</string>
			<key>sourceTree</key>
			<string>&lt;group&gt;</string>
		</dict>
		<key>EA53A00C17CB5EC8004EBAD4</key>
		<dict>
			<key>fileRef</key>
			<string>EA53A00B17CB5EC8004EBAD4</string>
			<key>isa</key>
			<string>PBXBuildFile</string>
		</dict>
		<key>EA53A00D17CB5EC8004EBAD4</key>
		<dict>
			<key>isa</key>
			<string>PBXFileReference</string>
			<key>lastKnownFileType</key>
			<string>sourcecode.c.h</string>
			<key>path</key>
			<string>TMDViewController.h</string>
			<key>sourceTree</key>
			<string>&lt;group&gt;</string>
		</dict>
		<key>EA53A00E17CB5EC8004EBAD4</key>
		<dict>
			<key>isa</key>
			<string>PBXFileReference</string>
			<key>lastKnownFileType</key>
			<string>sourcecode.c.objc</string>
			<key>path</key>
			<string>TMDViewController.m</string>
			<key>sourceTree</key>
			<string>&lt;group&gt;</string>
		</dict>
		<key>EA53A00F17CB5EC8004EBAD4</key>
		<dict>
			<key>fileRef</key>
			<string>EA53A00E17CB5EC8004EBAD4</string>
			<key>isa</key>
			<string>PBXBuildFile</string>
		</dict>
		<key>EA53A01017CB5EC8004EBAD4</key>
		<dict>
			<key>children</key>
			<array>
				<string>EA53A01117CB5EC8004EBAD4</string>
			</array>
			<key>isa</key>
			<string>PBXVariantGroup</string>
			<key>name</key>
			<string>TMDViewController.xib</string>
			<key>sourceTree</key>
			<string>&lt;group&gt;</string>
		</dict>
		<key>EA53A01117CB5EC8004EBAD4</key>
		<dict>
			<key>isa</key>
			<string>PBXFileReference</string>
			<key>lastKnownFileType</key>
			<string>file.xib</string>
			<key>name</key>
			<string>en</string>
			<key>path</key>
			<string>en.lproj/TMDViewController.xib</string>
			<key>sourceTree</key>
			<string>&lt;group&gt;</string>
		</dict>
		<key>EA53A01217CB5EC8004EBAD4</key>
		<dict>
			<key>fileRef</key>
			<string>EA53A01017CB5EC8004EBAD4</string>
			<key>isa</key>
			<string>PBXBuildFile</string>
		</dict>
		<key>EA53A01317CB5EC8004EBAD4</key>
		<dict>
			<key>buildSettings</key>
			<dict>
				<key>ALWAYS_SEARCH_USER_PATHS</key>
				<string>NO</string>
				<key>CLANG_CXX_LANGUAGE_STANDARD</key>
				<string>gnu++0x</string>
				<key>CLANG_CXX_LIBRARY</key>
				<string>libc++</string>
				<key>CLANG_ENABLE_OBJC_ARC</key>
				<string>YES</string>
				<key>CLANG_WARN_CONSTANT_CONVERSION</key>
				<string>YES</string>
				<key>CLANG_WARN_EMPTY_BODY</key>
				<string>YES</string>
				<key>CLANG_WARN_ENUM_CONVERSION</key>
				<string>YES</string>
				<key>CLANG_WARN_INT_CONVERSION</key>
				<string>YES</string>
				<key>CLANG_WARN__DUPLICATE_METHOD_MATCH</key>
				<string>YES</string>
				<key>CODE_SIGN_IDENTITY[sdk=iphoneos*]</key>
				<string>iPhone Developer</string>
				<key>COPY_PHASE_STRIP</key>
				<string>NO</string>
				<key>GCC_C_LANGUAGE_STANDARD</key>
				<string>gnu99</string>
				<key>GCC_DYNAMIC_NO_PIC</key>
				<string>NO</string>
				<key>GCC_OPTIMIZATION_LEVEL</key>
				<string>0</string>
				<key>GCC_PREPROCESSOR_DEFINITIONS</key>
				<array>
					<string>DEBUG=1</string>
					<string>$(inherited)</string>
				</array>
				<key>GCC_SYMBOLS_PRIVATE_EXTERN</key>
				<string>NO</string>
				<key>GCC_WARN_ABOUT_RETURN_TYPE</key>
				<string>YES</string>
				<key>GCC_WARN_UNINITIALIZED_AUTOS</key>
				<string>YES</string>
				<key>GCC_WARN_UNUSED_VARIABLE</key>
				<string>YES</string>
				<key>IPHONEOS_DEPLOYMENT_TARGET</key>
				<string>6.1</string>
				<key>ONLY_ACTIVE_ARCH</key>
				<string>YES</string>
				<key>SDKROOT</key>
				<string>iphoneos</string>
			</dict>
			<key>isa</key>
			<string>XCBuildConfiguration</string>
			<key>name</key>
			<string>Debug</string>
		</dict>
		<key>EA53A01417CB5EC8004EBAD4</key>
		<dict>
			<key>buildSettings</key>
			<dict>
				<key>ALWAYS_SEARCH_USER_PATHS</key>
				<string>NO</string>
				<key>CLANG_CXX_LANGUAGE_STANDARD</key>
				<string>gnu++0x</string>
				<key>CLANG_CXX_LIBRARY</key>
				<string>libc++</string>
				<key>CLANG_ENABLE_OBJC_ARC</key>
				<string>YES</string>
				<key>CLANG_WARN_CONSTANT_CONVERSION</key>
				<string>YES</string>
				<key>CLANG_WARN_EMPTY_BODY</key>
				<string>YES</string>
				<key>CLANG_WARN_ENUM_CONVERSION</key>
				<string>YES</string>
				<key>CLANG_WARN_INT_CONVERSION</key>
				<string>YES</string>
				<key>CLANG_WARN__DUPLICATE_METHOD_MATCH</key>
				<string>YES</string>
				<key>CODE_SIGN_IDENTITY[sdk=iphoneos*]</key>
				<string>iPhone Developer</string>
				<key>COPY_PHASE_STRIP</key>
				<string>YES</string>
				<key>GCC_C_LANGUAGE_STANDARD</key>
				<string>gnu99</string>
				<key>GCC_WARN_ABOUT_RETURN_TYPE</key>
				<string>YES</string>
				<key>GCC_WARN_UNINITIALIZED_AUTOS</key>
				<string>YES</string>
				<key>GCC_WARN_UNUSED_VARIABLE</key>
				<string>YES</string>
				<key>IPHONEOS_DEPLOYMENT_TARGET</key>
				<string>6.1</string>
				<key>OTHER_CFLAGS</key>
				<string>-DNS_BLOCK_ASSERTIONS=1</string>
				<key>SDKROOT</key>
				<string>iphoneos</string>
				<key>VALIDATE_PRODUCT</key>
				<string>YES</string>
			</dict>
			<key>isa</key>
			<string>XCBuildConfiguration</string>
			<key>name</key>
			<string>Release</string>
		</dict>
		<key>EA53A01517CB5EC8004EBAD4</key>
		<dict>
			<key>buildConfigurations</key>
			<array>
				<string>EA53A01617CB5EC8004EBAD4</string>
				<string>EA53A01717CB5EC8004EBAD4</string>
			</array>
			<key>defaultConfigurationIsVisible</key>
			<string>0</string>
			<key>isa</key>
			<string>XCConfigurationList</string>
		</dict>
		<key>EA53A01617CB5EC8004EBAD4</key>
		<dict>
			<key>baseConfigurationReference</key>
			<string>5B1F22573B7F4CF88F0764B3</string>
			<key>buildSettings</key>
			<dict>
				<key>GCC_PRECOMPILE_PREFIX_HEADER</key>
				<string>YES</string>
				<key>GCC_PREFIX_HEADER</key>
				<string>PicStoryIOS/PicStoryIOS-Prefix.pch</string>
				<key>INFOPLIST_FILE</key>
				<string>PicStoryIOS/PicStoryIOS-Info.plist</string>
				<key>PRODUCT_NAME</key>
				<string>$(TARGET_NAME)</string>
				<key>WRAPPER_EXTENSION</key>
				<string>app</string>
			</dict>
			<key>isa</key>
			<string>XCBuildConfiguration</string>
			<key>name</key>
			<string>Debug</string>
		</dict>
		<key>EA53A01717CB5EC8004EBAD4</key>
		<dict>
			<key>baseConfigurationReference</key>
			<string>5B1F22573B7F4CF88F0764B3</string>
			<key>buildSettings</key>
			<dict>
				<key>GCC_PRECOMPILE_PREFIX_HEADER</key>
				<string>YES</string>
				<key>GCC_PREFIX_HEADER</key>
				<string>PicStoryIOS/PicStoryIOS-Prefix.pch</string>
				<key>INFOPLIST_FILE</key>
				<string>PicStoryIOS/PicStoryIOS-Info.plist</string>
				<key>PRODUCT_NAME</key>
				<string>$(TARGET_NAME)</string>
				<key>WRAPPER_EXTENSION</key>
				<string>app</string>
			</dict>
			<key>isa</key>
			<string>XCBuildConfiguration</string>
			<key>name</key>
			<string>Release</string>
		</dict>
	</dict>
	<key>rootObject</key>
	<string>EA539FEA17CB5EC8004EBAD4</string>
</dict>
</plist>
